
Microsoft Visual Studio Solution File, Format Version 12.00
Project("{FAE04EC0-301F-11D3-BF4B-00C04F79EFBC}") = "Unreal.UE4SS.Reloaded", "Unreal.UE4SS.Reloaded\Unreal.UE4SS.Reloaded.csproj", "{1CC3CDB2-C116-4C1D-8273-589A5A2AE7CA}"
EndProject
Global
	GlobalSection(SolutionConfigurationPlatforms) = preSolution
		Debug|Any CPU = Debug|Any CPU
		Release|Any CPU = Release|Any CPU
	EndGlobalSection
	GlobalSection(ProjectConfigurationPlatforms) = postSolution
		{1CC3CDB2-C116-4C1D-8273-589A5A2AE7CA}.Debug|Any CPU.ActiveCfg = Debug|Any CPU
		{1CC3CDB2-C116-4C1D-8273-589A5A2AE7CA}.Debug|Any CPU.Build.0 = Debug|Any CPU
		{1CC3CDB2-C116-4C1D-8273-589A5A2AE7CA}.Release|Any CPU.ActiveCfg = Release|Any CPU
		{1CC3CDB2-C116-4C1D-8273-589A5A2AE7CA}.Release|Any CPU.Build.0 = Release|Any CPU
	EndGlobalSection
EndGlobal
